Microsoft Visual Studio Solution File, Format Version 11.00
# Visual Studio 2008

Project("{1F77476A-8671-BCDE-1D58-B3AEFE6DA141}") = "lost6", "Assembly-CSharp-firstpass.csproj", "{C8EB38ED-2431-B6AB-626B-2DFC540726C3}"
EndProject
Project("{1F77476A-8671-BCDE-1D58-B3AEFE6DA141}") = "lost6", "Assembly-CSharp.csproj", "{21652C02-6471-CD23-1B7F-81AB1A10D2C1}"
EndProject
Project("{1F77476A-8671-BCDE-1D58-B3AEFE6DA141}") = "lost6", "Assembly-CSharp-Editor.csproj", "{B5E2BCDD-6298-4597-A235-0C83D845468A}"
EndProject
Project("{1F77476A-8671-BCDE-1D58-B3AEFE6DA141}") = "lost6", "Assembly-UnityScript-firstpass.unityproj", "{733294B3-1B76-F5D1-C690-5440C3DBD794}"
EndProject
Project("{1F77476A-8671-BCDE-1D58-B3AEFE6DA141}") = "lost6", "Assembly-UnityScript.unityproj", "{02F71377-1EDD-C7B2-ED2C-0DF15F149DDA}"
EndProject
Global
	GlobalSection(SolutionConfigurationPlatforms) = preSolution
		Debug|Any CPU = Debug|Any CPU
		Release|Any CPU = Release|Any CPU
	EndGlobalSection
	GlobalSection(ProjectConfigurationPlatforms) = postSolution
		{C8EB38ED-2431-B6AB-626B-2DFC540726C3}.Debug|Any CPU.ActiveCfg = Debug|Any CPU
		{C8EB38ED-2431-B6AB-626B-2DFC540726C3}.Debug|Any CPU.Build.0 = Debug|Any CPU
		{C8EB38ED-2431-B6AB-626B-2DFC540726C3}.Release|Any CPU.ActiveCfg = Release|Any CPU
		{C8EB38ED-2431-B6AB-626B-2DFC540726C3}.Release|Any CPU.Build.0 = Release|Any CPU
		{21652C02-6471-CD23-1B7F-81AB1A10D2C1}.Debug|Any CPU.ActiveCfg = Debug|Any CPU
		{21652C02-6471-CD23-1B7F-81AB1A10D2C1}.Debug|Any CPU.Build.0 = Debug|Any CPU
		{21652C02-6471-CD23-1B7F-81AB1A10D2C1}.Release|Any CPU.ActiveCfg = Release|Any CPU
		{21652C02-6471-CD23-1B7F-81AB1A10D2C1}.Release|Any CPU.Build.0 = Release|Any CPU
		{B5E2BCDD-6298-4597-A235-0C83D845468A}.Debug|Any CPU.ActiveCfg = Debug|Any CPU
		{B5E2BCDD-6298-4597-A235-0C83D845468A}.Debug|Any CPU.Build.0 = Debug|Any CPU
		{B5E2BCDD-6298-4597-A235-0C83D845468A}.Release|Any CPU.ActiveCfg = Release|Any CPU
		{B5E2BCDD-6298-4597-A235-0C83D845468A}.Release|Any CPU.Build.0 = Release|Any CPU
		{733294B3-1B76-F5D1-C690-5440C3DBD794}.Debug|Any CPU.ActiveCfg = Debug|Any CPU
		{733294B3-1B76-F5D1-C690-5440C3DBD794}.Debug|Any CPU.Build.0 = Debug|Any CPU
		{733294B3-1B76-F5D1-C690-5440C3DBD794}.Release|Any CPU.ActiveCfg = Release|Any CPU
		{733294B3-1B76-F5D1-C690-5440C3DBD794}.Release|Any CPU.Build.0 = Release|Any CPU
		{02F71377-1EDD-C7B2-ED2C-0DF15F149DDA}.Debug|Any CPU.ActiveCfg = Debug|Any CPU
		{02F71377-1EDD-C7B2-ED2C-0DF15F149DDA}.Debug|Any CPU.Build.0 = Debug|Any CPU
		{02F71377-1EDD-C7B2-ED2C-0DF15F149DDA}.Release|Any CPU.ActiveCfg = Release|Any CPU
		{02F71377-1EDD-C7B2-ED2C-0DF15F149DDA}.Release|Any CPU.Build.0 = Release|Any CPU
	EndGlobalSection
	GlobalSection(SolutionProperties) = preSolution
		HideSolutionNode = FALSE
	EndGlobalSection
							GlobalSection(MonoDevelopProperties) = preSolution
		StartupItem = Assembly-CSharp.csproj
		Policies = $0
		$0.TextStylePolicy = $1
		$1.inheritsSet = null
		$1.scope = text/x-csharp
		$0.CSharpFormattingPolicy = $2
		$2.inheritsSet = Mono
		$2.inheritsScope = text/x-csharp
		$2.scope = text/x-csharp
		$0.TextStylePolicy = $3
		$3.FileWidth = 120
		$3.TabWidth = 4
		$3.IndentWidth = 4
		$3.EolMarker = Unix
		$3.inheritsSet = Mono
		$3.inheritsScope = text/plain
		$3.scope = text/plain
	EndGlobalSection

EndGlobal
